
Microsoft Visual Studio Solution File, Format Version 12.00
# Visual Studio Version 17
VisualStudioVersion = 17.0.31903.59
MinimumVisualStudioVersion = 10.0.40219.1
Project("{FAE04EC0-301F-11D3-BF4B-00C04F79EFBC}") = "dotnet-svc", "App\dotnet-svc.csproj", "{DD44A754-230D-491F-941E-1FAB69F0E0FB}"
EndProject
Project("{FAE04EC0-301F-11D3-BF4B-00C04F79EFBC}") = "dotnet-svc.tests", "Tests\dotnet-svc.tests.csproj", "{BA4A77E8-C556-4225-AF99-172DA45B050C}"
EndProject
Global
	GlobalSection(SolutionConfigurationPlatforms) = preSolution
		Debug|Any CPU = Debug|Any CPU
		Release|Any CPU = Release|Any CPU
	EndGlobalSection
	GlobalSection(SolutionProperties) = preSolution
		HideSolutionNode = FALSE
	EndGlobalSection
	GlobalSection(ProjectConfigurationPlatforms) = postSolution
		{DD44A754-230D-491F-941E-1FAB69F0E0FB}.Debug|Any CPU.ActiveCfg = Debug|Any CPU
		{DD44A754-230D-491F-941E-1FAB69F0E0FB}.Debug|Any CPU.Build.0 = Debug|Any CPU
		{DD44A754-230D-491F-941E-1FAB69F0E0FB}.Release|Any CPU.ActiveCfg = Release|Any CPU
		{DD44A754-230D-491F-941E-1FAB69F0E0FB}.Release|Any CPU.Build.0 = Release|Any CPU
		{BA4A77E8-C556-4225-AF99-172DA45B050C}.Debug|Any CPU.ActiveCfg = Debug|Any CPU
		{BA4A77E8-C556-4225-AF99-172DA45B050C}.Debug|Any CPU.Build.0 = Debug|Any CPU
		{BA4A77E8-C556-4225-AF99-172DA45B050C}.Release|Any CPU.ActiveCfg = Release|Any CPU
		{BA4A77E8-C556-4225-AF99-172DA45B050C}.Release|Any CPU.Build.0 = Release|Any CPU
	EndGlobalSection
EndGlobal
